Microsoft Visual Studio Solution File, Format Version 8.00
Project("{F14B399A-7131-4C87-9E4B-1186C45EF12D}") = "Financial_Reports", "Financial_Reports.rptproj", "{B14EBC6F-E533-4530-AF41-C6ED64925936}"
	ProjectSection(ProjectDependencies) = postProject
	EndProjectSection
EndProject
Global
	GlobalSection(SourceCodeControl) = preSolution
		SccNumberOfProjects = 2
		SccLocalPath0 = .
		CanCheckoutShared = false
		SolutionUniqueID = {95AC7C6D-B667-4697-A205-8D7B64C581D6}
		SccProjectUniqueName1 = Financial_Reports.rptproj
		SccLocalPath1 = .
		CanCheckoutShared = false
	EndGlobalSection
	GlobalSection(SolutionConfiguration) = preSolution
		Debug = Debug
		DebugLocal = DebugLocal
		Production = Production
	EndGlobalSection
	GlobalSection(ProjectConfiguration) = postSolution
		{B14EBC6F-E533-4530-AF41-C6ED64925936}.Debug.ActiveCfg = Debug
		{B14EBC6F-E533-4530-AF41-C6ED64925936}.Debug.Build.0 = Debug
		{B14EBC6F-E533-4530-AF41-C6ED64925936}.DebugLocal.ActiveCfg = DebugLocal
		{B14EBC6F-E533-4530-AF41-C6ED64925936}.DebugLocal.Build.0 = DebugLocal
		{B14EBC6F-E533-4530-AF41-C6ED64925936}.Production.ActiveCfg = Production
		{B14EBC6F-E533-4530-AF41-C6ED64925936}.Production.Build.0 = Production
		{B14EBC6F-E533-4530-AF41-C6ED64925936}.Production.Deploy.0 = Production
	EndGlobalSection
	GlobalSection(ExtensibilityGlobals) = postSolution
	EndGlobalSection
	GlobalSection(ExtensibilityAddIns) = postSolution
	EndGlobalSection
EndGlobal
